
Microsoft Visual Studio Solution File, Format Version 12.00
# Visual Studio Version 17
VisualStudioVersion = 17.3.32922.545
MinimumVisualStudioVersion = 10.0.40219.1
Project("{FAE04EC0-301F-11D3-BF4B-00C04F79EFBC}") = "suma", "suma.csproj", "{AF070349-8DC9-4106-B926-FA524E50AF30}"
EndProject
Global
	GlobalSection(SolutionConfigurationPlatforms) = preSolution
		Debug|Any CPU = Debug|Any CPU
		Release|Any CPU = Release|Any CPU
	EndGlobalSection
	GlobalSection(ProjectConfigurationPlatforms) = postSolution
		{AF070349-8DC9-4106-B926-FA524E50AF30}.Debug|Any CPU.ActiveCfg = Debug|Any CPU
		{AF070349-8DC9-4106-B926-FA524E50AF30}.Debug|Any CPU.Build.0 = Debug|Any CPU
		{AF070349-8DC9-4106-B926-FA524E50AF30}.Release|Any CPU.ActiveCfg = Release|Any CPU
		{AF070349-8DC9-4106-B926-FA524E50AF30}.Release|Any CPU.Build.0 = Release|Any CPU
	EndGlobalSection
	GlobalSection(SolutionProperties) = preSolution
		HideSolutionNode = FALSE
	EndGlobalSection
	GlobalSection(ExtensibilityGlobals) = postSolution
		SolutionGuid = {978A6375-C193-40D3-9A5A-C9EE916F066D}
	EndGlobalSection
EndGlobal
